Microsoft Visual Studio Solution File, Format Version 12.00
# Visual Studio Version 17
VisualStudioVersion = 17.5.2.0
MinimumVisualStudioVersion = 10.0.40219.1
Project("{FAE04EC0-301F-11D3-BF4B-00C04F79EFBC}") = "PrviProjekat", "PrviProjekat.csproj", "{9652151D-4745-E828-BCDF-A8DEEE878842}"
EndProject
Global
	GlobalSection(SolutionConfigurationPlatforms) = preSolution
		Debug|Any CPU = Debug|Any CPU
		Release|Any CPU = Release|Any CPU
	EndGlobalSection
	GlobalSection(ProjectConfigurationPlatforms) = postSolution
		{9652151D-4745-E828-BCDF-A8DEEE878842}.Debug|Any CPU.ActiveCfg = Debug|Any CPU
		{9652151D-4745-E828-BCDF-A8DEEE878842}.Debug|Any CPU.Build.0 = Debug|Any CPU
		{9652151D-4745-E828-BCDF-A8DEEE878842}.Release|Any CPU.ActiveCfg = Release|Any CPU
		{9652151D-4745-E828-BCDF-A8DEEE878842}.Release|Any CPU.Build.0 = Release|Any CPU
	EndGlobalSection
	GlobalSection(SolutionProperties) = preSolution
		HideSolutionNode = FALSE
	EndGlobalSection
	GlobalSection(ExtensibilityGlobals) = postSolution
		SolutionGuid = {BFD37397-FF19-484C-B9F5-6D3F74D130BD}
	EndGlobalSection
EndGlobal
